
Microsoft Visual Studio Solution File, Format Version 12.00
# Visual Studio Version 17
VisualStudioVersion = 17.2.32516.85
MinimumVisualStudioVersion = 10.0.40219.1
Project("{FAE04EC0-301F-11D3-BF4B-00C04F79EFBC}") = "BaseMicroservice", "BaseMicroservice.csproj", "{957C6C85-D67B-4B01-92FE-E136913FA299}"
EndProject
Global
	GlobalSection(SolutionConfigurationPlatforms) = preSolution
		Debug|Any CPU = Debug|Any CPU
		Release|Any CPU = Release|Any CPU
	EndGlobalSection
	GlobalSection(ProjectConfigurationPlatforms) = postSolution
		{957C6C85-D67B-4B01-92FE-E136913FA299}.Debug|Any CPU.ActiveCfg = Debug|Any CPU
		{957C6C85-D67B-4B01-92FE-E136913FA299}.Debug|Any CPU.Build.0 = Debug|Any CPU
		{957C6C85-D67B-4B01-92FE-E136913FA299}.Release|Any CPU.ActiveCfg = Release|Any CPU
		{957C6C85-D67B-4B01-92FE-E136913FA299}.Release|Any CPU.Build.0 = Release|Any CPU
	EndGlobalSection
	GlobalSection(SolutionProperties) = preSolution
		HideSolutionNode = FALSE
	EndGlobalSection
	GlobalSection(ExtensibilityGlobals) = postSolution
		SolutionGuid = {C556B73A-218A-48C5-A42F-C24E375AEFB5}
	EndGlobalSection
EndGlobal
